lockfileVersion: '9.0'

settings:
  autoInstallPeers: true
  excludeLinksFromLockfile: false

importers:

  .:
    dependencies:
      ts-pattern:
        specifier: ^5.3.1
        version: 5.3.1
    devDependencies:
      '@tsconfig/node16':
        specifier: ^16.1.3
        version: 16.1.3
      '@types/node':
        specifier: ^22.3.0
        version: 22.3.0

packages:

  '@tsconfig/node16@16.1.3':
    resolution: {integrity: sha512-9nTOUBn+EMKO6rtSZJk+DcqsfgtlERGT9XPJ5PRj/HNENPCBY1yu/JEj5wT6GLtbCLBO2k46SeXDaY0pjMqypw==}

  '@types/node@22.3.0':
    resolution: {integrity: sha512-nrWpWVaDZuaVc5X84xJ0vNrLvomM205oQyLsRt7OHNZbSHslcWsvgFR7O7hire2ZonjLrWBbedmotmIlJDVd6g==}

  ts-pattern@5.3.1:
    resolution: {integrity: sha512-1RUMKa8jYQdNfmnK4jyzBK3/PS/tnjcZ1CW0v1vWDeYe5RBklc/nquw03MEoB66hVBm4BnlCfmOqDVxHyT1DpA==}

  undici-types@6.18.2:
    resolution: {integrity: sha512-5ruQbENj95yDYJNS3TvcaxPMshV7aizdv/hWYjGIKoANWKjhWNBsr2YEuYZKodQulB1b8l7ILOuDQep3afowQQ==}

snapshots:

  '@tsconfig/node16@16.1.3': {}

  '@types/node@22.3.0':
    dependencies:
      undici-types: 6.18.2

  ts-pattern@5.3.1: {}

  undici-types@6.18.2: {}
